
Microsoft Visual Studio Solution File, Format Version 12.00
# Visual Studio Version 17
VisualStudioVersion = 17.10.35122.118
MinimumVisualStudioVersion = 10.0.40219.1
Project("{8BC9CEB8-8B4A-11D0-8D11-00A0C91BC942}") = "C_1_1", "..\..\..\colin-1\code\C_1\C_1_1\C_1_1.vcxproj", "{B9D9EE5A-458F-43CF-8D17-1A87250BC835}"
EndProject
Project("{8BC9CEB8-8B4A-11D0-8D11-00A0C91BC942}") = "C_1_1_homework", "..\..\..\colin-1\code\C_1\C_1_1_homework\C_1_1_homework.vcxproj", "{2F9DC608-8D5A-41A0-B87C-4A10B5E725DA}"
EndProject
Project("{8BC9CEB8-8B4A-11D0-8D11-00A0C91BC942}") = "C_1_2", "..\..\..\colin-1\code\C_1\C_1_2\C_1_2.vcxproj", "{4F07D5B0-ED16-44BE-B07A-B6F8334850AD}"
EndProject
Project("{8BC9CEB8-8B4A-11D0-8D11-00A0C91BC942}") = "C_1_2_homework", "..\..\..\colin-1\code\C_1\C_1_2_homework\C_1_2_homework.vcxproj", "{94D34E1C-61A3-4CE5-9D7D-86599E37A809}"
EndProject
Project("{8BC9CEB8-8B4A-11D0-8D11-00A0C91BC942}") = "C_1_3", "..\..\..\colin-1\code\C_1\C_1_3\C_1_3.vcxproj", "{41E407D5-655C-4CFC-B2BF-223FD6DF5049}"
EndProject
Project("{8BC9CEB8-8B4A-11D0-8D11-00A0C91BC942}") = "C_1_4", "..\..\..\colin-1\code\C_1\C_1_4\C_1_4.vcxproj", "{76BE77AA-30D1-4A06-AC7D-9A8AF0E9081E}"
EndProject
Project("{8BC9CEB8-8B4A-11D0-8D11-00A0C91BC942}") = "C_2_1", "..\..\..\colin-1\code\C_2\C_2\C_2_1\C_2_1.vcxproj", "{C5816258-98F1-46B8-BC0C-52BA9E6C30DC}"
EndProject
Project("{8BC9CEB8-8B4A-11D0-8D11-00A0C91BC942}") = "C_2_2", "..\..\..\colin-1\code\C_2\C_2\C_2_2\C_2_2.vcxproj", "{B4B966E8-BF26-4ECC-84EC-FBBFEB47DC25}"
EndProject
Project("{8BC9CEB8-8B4A-11D0-8D11-00A0C91BC942}") = "C_2_3", "..\..\..\colin-1\code\C_2\C_2\C_2_3\C_2_3.vcxproj", "{97D058EB-7C4E-4C61-9BDE-76A1379FD042}"
EndProject
Project("{8BC9CEB8-8B4A-11D0-8D11-00A0C91BC942}") = "C_2_4", "..\..\..\colin-1\code\C_2\C_2\C_2_4\C_2_4.vcxproj", "{67B883B9-1372-45BB-924C-621408210708}"
EndProject
Project("{8BC9CEB8-8B4A-11D0-8D11-00A0C91BC942}") = "C_3_1", "..\..\..\colin-1\code\C_3\C_3_1\C_3_1.vcxproj", "{905ACA31-26A0-4C0E-9B23-482B014BEF1A}"
EndProject
Project("{8BC9CEB8-8B4A-11D0-8D11-00A0C91BC942}") = "C_3_2", "..\..\..\colin-1\code\C_3\C_3_2\C_3_2.vcxproj", "{C81BAB96-497E-4B98-87AE-64DF3F9BFD8B}"
EndProject
Project("{8BC9CEB8-8B4A-11D0-8D11-00A0C91BC942}") = "C_3_3", "..\..\..\colin-1\code\C_3\C_3_3\C_3_3.vcxproj", "{4D92230B-C59C-4D7B-8212-8F12C1DEA0E7}"
EndProject
Project("{8BC9CEB8-8B4A-11D0-8D11-00A0C91BC942}") = "Man100", "..\..\..\colin-1\code\C_3\Man100\Man100.vcxproj", "{B4436AE7-21E7-4C1E-8992-C0C71790F42F}"
EndProject
Project("{8BC9CEB8-8B4A-11D0-8D11-00A0C91BC942}") = "RussianBlock", "..\..\..\colin-1\code\C_3\RussianBlock\RussianBlock.vcxproj", "{E57AAD75-C5F9-4E0B-90B7-5968A0BE0F6E}"
EndProject
Project("{8BC9CEB8-8B4A-11D0-8D11-00A0C91BC942}") = "组件化_arrays", "..\..\..\colin-1\code\C_3\组件化_arrays\组件化_arrays.vcxproj", "{7034341C-2458-440D-A091-E32A924FD2A8}"
EndProject
Project("{8BC9CEB8-8B4A-11D0-8D11-00A0C91BC942}") = "C_4_1", "..\..\..\colin-1\code\C_4\C_4_1\C_4_1.vcxproj", "{DD7E82D2-4D55-44C6-AA5D-4C851522BB0C}"
EndProject
Project("{8BC9CEB8-8B4A-11D0-8D11-00A0C91BC942}") = "组件化_string", "..\..\..\colin-1\code\C_4\组件化_string\组件化_string.vcxproj", "{E66BF359-F7EC-4658-A8E8-2BD0D89EEABB}"
EndProject
Project("{8BC9CEB8-8B4A-11D0-8D11-00A0C91BC942}") = "C_5_1", "..\..\..\colin-1\code\C_5\C_5_1\C_5_1.vcxproj", "{90752C7E-7D89-4607-A71D-77350803880F}"
EndProject
Project("{8BC9CEB8-8B4A-11D0-8D11-00A0C91BC942}") = "C_5_2", "..\..\..\colin-1\code\C_5\C_5_2\C_5_2.vcxproj", "{EC14C6AF-A976-425E-8E11-5417BA7CDE57}"
EndProject
Project("{8BC9CEB8-8B4A-11D0-8D11-00A0C91BC942}") = "C_5_3", "..\..\..\colin-1\code\C_5\C_5_3\C_5_3.vcxproj", "{D63D2EF2-3829-4C8A-A8EC-60E835E2E9E0}"
EndProject
Project("{8BC9CEB8-8B4A-11D0-8D11-00A0C91BC942}") = "组件化_LinkedList", "..\..\..\colin-1\code\C_5\组件化_LinkedList\组件化_LinkedList.vcxproj", "{3456EB24-6EF1-4407-A27E-CB5C53FCCF1A}"
EndProject
Project("{8BC9CEB8-8B4A-11D0-8D11-00A0C91BC942}") = "C_6_1", "..\..\..\colin-1\code\C_6_1\C_6_1\C_6_1.vcxproj", "{4C1AEAEC-F12A-42A8-962F-9634D1779F26}"
EndProject
Global
	GlobalSection(SolutionConfigurationPlatforms) = preSolution
		Debug|x64 = Debug|x64
		Debug|x86 = Debug|x86
		Release|x64 = Release|x64
		Release|x86 = Release|x86
	EndGlobalSection
	GlobalSection(ProjectConfigurationPlatforms) = postSolution
		{B9D9EE5A-458F-43CF-8D17-1A87250BC835}.Debug|x64.ActiveCfg = Debug|Win32
		{B9D9EE5A-458F-43CF-8D17-1A87250BC835}.Debug|x64.Build.0 = Debug|Win32
		{B9D9EE5A-458F-43CF-8D17-1A87250BC835}.Debug|x86.ActiveCfg = Debug|Win32
		{B9D9EE5A-458F-43CF-8D17-1A87250BC835}.Debug|x86.Build.0 = Debug|Win32
		{B9D9EE5A-458F-43CF-8D17-1A87250BC835}.Release|x64.ActiveCfg = Release|Win32
		{B9D9EE5A-458F-43CF-8D17-1A87250BC835}.Release|x64.Build.0 = Release|Win32
		{B9D9EE5A-458F-43CF-8D17-1A87250BC835}.Release|x86.ActiveCfg = Release|Win32
		{B9D9EE5A-458F-43CF-8D17-1A87250BC835}.Release|x86.Build.0 = Release|Win32
		{2F9DC608-8D5A-41A0-B87C-4A10B5E725DA}.Debug|x64.ActiveCfg = Debug|Win32
		{2F9DC608-8D5A-41A0-B87C-4A10B5E725DA}.Debug|x64.Build.0 = Debug|Win32
		{2F9DC608-8D5A-41A0-B87C-4A10B5E725DA}.Debug|x86.ActiveCfg = Debug|Win32
		{2F9DC608-8D5A-41A0-B87C-4A10B5E725DA}.Debug|x86.Build.0 = Debug|Win32
		{2F9DC608-8D5A-41A0-B87C-4A10B5E725DA}.Release|x64.ActiveCfg = Release|Win32
		{2F9DC608-8D5A-41A0-B87C-4A10B5E725DA}.Release|x64.Build.0 = Release|Win32
		{2F9DC608-8D5A-41A0-B87C-4A10B5E725DA}.Release|x86.ActiveCfg = Release|Win32
		{2F9DC608-8D5A-41A0-B87C-4A10B5E725DA}.Release|x86.Build.0 = Release|Win32
		{4F07D5B0-ED16-44BE-B07A-B6F8334850AD}.Debug|x64.ActiveCfg = Debug|Win32
		{4F07D5B0-ED16-44BE-B07A-B6F8334850AD}.Debug|x64.Build.0 = Debug|Win32
		{4F07D5B0-ED16-44BE-B07A-B6F8334850AD}.Debug|x86.ActiveCfg = Debug|Win32
		{4F07D5B0-ED16-44BE-B07A-B6F8334850AD}.Debug|x86.Build.0 = Debug|Win32
		{4F07D5B0-ED16-44BE-B07A-B6F8334850AD}.Release|x64.ActiveCfg = Release|Win32
		{4F07D5B0-ED16-44BE-B07A-B6F8334850AD}.Release|x64.Build.0 = Release|Win32
		{4F07D5B0-ED16-44BE-B07A-B6F8334850AD}.Release|x86.ActiveCfg = Release|Win32
		{4F07D5B0-ED16-44BE-B07A-B6F8334850AD}.Release|x86.Build.0 = Release|Win32
		{94D34E1C-61A3-4CE5-9D7D-86599E37A809}.Debug|x64.ActiveCfg = Debug|Win32
		{94D34E1C-61A3-4CE5-9D7D-86599E37A809}.Debug|x64.Build.0 = Debug|Win32
		{94D34E1C-61A3-4CE5-9D7D-86599E37A809}.Debug|x86.ActiveCfg = Debug|Win32
		{94D34E1C-61A3-4CE5-9D7D-86599E37A809}.Debug|x86.Build.0 = Debug|Win32
		{94D34E1C-61A3-4CE5-9D7D-86599E37A809}.Release|x64.ActiveCfg = Release|Win32
		{94D34E1C-61A3-4CE5-9D7D-86599E37A809}.Release|x64.Build.0 = Release|Win32
		{94D34E1C-61A3-4CE5-9D7D-86599E37A809}.Release|x86.ActiveCfg = Release|Win32
		{94D34E1C-61A3-4CE5-9D7D-86599E37A809}.Release|x86.Build.0 = Release|Win32
		{41E407D5-655C-4CFC-B2BF-223FD6DF5049}.Debug|x64.ActiveCfg = Debug|Win32
		{41E407D5-655C-4CFC-B2BF-223FD6DF5049}.Debug|x64.Build.0 = Debug|Win32
		{41E407D5-655C-4CFC-B2BF-223FD6DF5049}.Debug|x86.ActiveCfg = Debug|Win32
		{41E407D5-655C-4CFC-B2BF-223FD6DF5049}.Debug|x86.Build.0 = Debug|Win32
		{41E407D5-655C-4CFC-B2BF-223FD6DF5049}.Release|x64.ActiveCfg = Release|Win32
		{41E407D5-655C-4CFC-B2BF-223FD6DF5049}.Release|x64.Build.0 = Release|Win32
		{41E407D5-655C-4CFC-B2BF-223FD6DF5049}.Release|x86.ActiveCfg = Release|Win32
		{41E407D5-655C-4CFC-B2BF-223FD6DF5049}.Release|x86.Build.0 = Release|Win32
		{76BE77AA-30D1-4A06-AC7D-9A8AF0E9081E}.Debug|x64.ActiveCfg = Debug|Win32
		{76BE77AA-30D1-4A06-AC7D-9A8AF0E9081E}.Debug|x64.Build.0 = Debug|Win32
		{76BE77AA-30D1-4A06-AC7D-9A8AF0E9081E}.Debug|x86.ActiveCfg = Debug|Win32
		{76BE77AA-30D1-4A06-AC7D-9A8AF0E9081E}.Debug|x86.Build.0 = Debug|Win32
		{76BE77AA-30D1-4A06-AC7D-9A8AF0E9081E}.Release|x64.ActiveCfg = Release|Win32
		{76BE77AA-30D1-4A06-AC7D-9A8AF0E9081E}.Release|x64.Build.0 = Release|Win32
		{76BE77AA-30D1-4A06-AC7D-9A8AF0E9081E}.Release|x86.ActiveCfg = Release|Win32
		{76BE77AA-30D1-4A06-AC7D-9A8AF0E9081E}.Release|x86.Build.0 = Release|Win32
		{C5816258-98F1-46B8-BC0C-52BA9E6C30DC}.Debug|x64.ActiveCfg = Debug|x64
		{C5816258-98F1-46B8-BC0C-52BA9E6C30DC}.Debug|x64.Build.0 = Debug|x64
		{C5816258-98F1-46B8-BC0C-52BA9E6C30DC}.Debug|x86.ActiveCfg = Debug|Win32
		{C5816258-98F1-46B8-BC0C-52BA9E6C30DC}.Debug|x86.Build.0 = Debug|Win32
		{C5816258-98F1-46B8-BC0C-52BA9E6C30DC}.Release|x64.ActiveCfg = Release|x64
		{C5816258-98F1-46B8-BC0C-52BA9E6C30DC}.Release|x64.Build.0 = Release|x64
		{C5816258-98F1-46B8-BC0C-52BA9E6C30DC}.Release|x86.ActiveCfg = Release|Win32
		{C5816258-98F1-46B8-BC0C-52BA9E6C30DC}.Release|x86.Build.0 = Release|Win32
		{B4B966E8-BF26-4ECC-84EC-FBBFEB47DC25}.Debug|x64.ActiveCfg = Debug|Win32
		{B4B966E8-BF26-4ECC-84EC-FBBFEB47DC25}.Debug|x64.Build.0 = Debug|Win32
		{B4B966E8-BF26-4ECC-84EC-FBBFEB47DC25}.Debug|x86.ActiveCfg = Debug|Win32
		{B4B966E8-BF26-4ECC-84EC-FBBFEB47DC25}.Debug|x86.Build.0 = Debug|Win32
		{B4B966E8-BF26-4ECC-84EC-FBBFEB47DC25}.Release|x64.ActiveCfg = Release|Win32
		{B4B966E8-BF26-4ECC-84EC-FBBFEB47DC25}.Release|x64.Build.0 = Release|Win32
		{B4B966E8-BF26-4ECC-84EC-FBBFEB47DC25}.Release|x86.ActiveCfg = Release|Win32
		{B4B966E8-BF26-4ECC-84EC-FBBFEB47DC25}.Release|x86.Build.0 = Release|Win32
		{97D058EB-7C4E-4C61-9BDE-76A1379FD042}.Debug|x64.ActiveCfg = Debug|Win32
		{97D058EB-7C4E-4C61-9BDE-76A1379FD042}.Debug|x64.Build.0 = Debug|Win32
		{97D058EB-7C4E-4C61-9BDE-76A1379FD042}.Debug|x86.ActiveCfg = Debug|Win32
		{97D058EB-7C4E-4C61-9BDE-76A1379FD042}.Debug|x86.Build.0 = Debug|Win32
		{97D058EB-7C4E-4C61-9BDE-76A1379FD042}.Release|x64.ActiveCfg = Release|Win32
		{97D058EB-7C4E-4C61-9BDE-76A1379FD042}.Release|x64.Build.0 = Release|Win32
		{97D058EB-7C4E-4C61-9BDE-76A1379FD042}.Release|x86.ActiveCfg = Release|Win32
		{97D058EB-7C4E-4C61-9BDE-76A1379FD042}.Release|x86.Build.0 = Release|Win32
		{67B883B9-1372-45BB-924C-621408210708}.Debug|x64.ActiveCfg = Debug|Win32
		{67B883B9-1372-45BB-924C-621408210708}.Debug|x64.Build.0 = Debug|Win32
		{67B883B9-1372-45BB-924C-621408210708}.Debug|x86.ActiveCfg = Debug|Win32
		{67B883B9-1372-45BB-924C-621408210708}.Debug|x86.Build.0 = Debug|Win32
		{67B883B9-1372-45BB-924C-621408210708}.Release|x64.ActiveCfg = Release|Win32
		{67B883B9-1372-45BB-924C-621408210708}.Release|x64.Build.0 = Release|Win32
		{67B883B9-1372-45BB-924C-621408210708}.Release|x86.ActiveCfg = Release|Win32
		{67B883B9-1372-45BB-924C-621408210708}.Release|x86.Build.0 = Release|Win32
		{905ACA31-26A0-4C0E-9B23-482B014BEF1A}.Debug|x64.ActiveCfg = Debug|Win32
		{905ACA31-26A0-4C0E-9B23-482B014BEF1A}.Debug|x64.Build.0 = Debug|Win32
		{905ACA31-26A0-4C0E-9B23-482B014BEF1A}.Debug|x86.ActiveCfg = Debug|Win32
		{905ACA31-26A0-4C0E-9B23-482B014BEF1A}.Debug|x86.Build.0 = Debug|Win32
		{905ACA31-26A0-4C0E-9B23-482B014BEF1A}.Release|x64.ActiveCfg = Release|Win32
		{905ACA31-26A0-4C0E-9B23-482B014BEF1A}.Release|x64.Build.0 = Release|Win32
		{905ACA31-26A0-4C0E-9B23-482B014BEF1A}.Release|x86.ActiveCfg = Release|Win32
		{905ACA31-26A0-4C0E-9B23-482B014BEF1A}.Release|x86.Build.0 = Release|Win32
		{C81BAB96-497E-4B98-87AE-64DF3F9BFD8B}.Debug|x64.ActiveCfg = Debug|Win32
		{C81BAB96-497E-4B98-87AE-64DF3F9BFD8B}.Debug|x64.Build.0 = Debug|Win32
		{C81BAB96-497E-4B98-87AE-64DF3F9BFD8B}.Debug|x86.ActiveCfg = Debug|Win32
		{C81BAB96-497E-4B98-87AE-64DF3F9BFD8B}.Debug|x86.Build.0 = Debug|Win32
		{C81BAB96-497E-4B98-87AE-64DF3F9BFD8B}.Release|x64.ActiveCfg = Release|Win32
		{C81BAB96-497E-4B98-87AE-64DF3F9BFD8B}.Release|x64.Build.0 = Release|Win32
		{C81BAB96-497E-4B98-87AE-64DF3F9BFD8B}.Release|x86.ActiveCfg = Release|Win32
		{C81BAB96-497E-4B98-87AE-64DF3F9BFD8B}.Release|x86.Build.0 = Release|Win32
		{4D92230B-C59C-4D7B-8212-8F12C1DEA0E7}.Debug|x64.ActiveCfg = Debug|Win32
		{4D92230B-C59C-4D7B-8212-8F12C1DEA0E7}.Debug|x64.Build.0 = Debug|Win32
		{4D92230B-C59C-4D7B-8212-8F12C1DEA0E7}.Debug|x86.ActiveCfg = Debug|Win32
		{4D92230B-C59C-4D7B-8212-8F12C1DEA0E7}.Debug|x86.Build.0 = Debug|Win32
		{4D92230B-C59C-4D7B-8212-8F12C1DEA0E7}.Release|x64.ActiveCfg = Release|Win32
		{4D92230B-C59C-4D7B-8212-8F12C1DEA0E7}.Release|x64.Build.0 = Release|Win32
		{4D92230B-C59C-4D7B-8212-8F12C1DEA0E7}.Release|x86.ActiveCfg = Release|Win32
		{4D92230B-C59C-4D7B-8212-8F12C1DEA0E7}.Release|x86.Build.0 = Release|Win32
		{B4436AE7-21E7-4C1E-8992-C0C71790F42F}.Debug|x64.ActiveCfg = Debug|Win32
		{B4436AE7-21E7-4C1E-8992-C0C71790F42F}.Debug|x64.Build.0 = Debug|Win32
		{B4436AE7-21E7-4C1E-8992-C0C71790F42F}.Debug|x86.ActiveCfg = Debug|Win32
		{B4436AE7-21E7-4C1E-8992-C0C71790F42F}.Debug|x86.Build.0 = Debug|Win32
		{B4436AE7-21E7-4C1E-8992-C0C71790F42F}.Release|x64.ActiveCfg = Release|Win32
		{B4436AE7-21E7-4C1E-8992-C0C71790F42F}.Release|x64.Build.0 = Release|Win32
		{B4436AE7-21E7-4C1E-8992-C0C71790F42F}.Release|x86.ActiveCfg = Release|Win32
		{B4436AE7-21E7-4C1E-8992-C0C71790F42F}.Release|x86.Build.0 = Release|Win32
		{E57AAD75-C5F9-4E0B-90B7-5968A0BE0F6E}.Debug|x64.ActiveCfg = Debug|Win32
		{E57AAD75-C5F9-4E0B-90B7-5968A0BE0F6E}.Debug|x64.Build.0 = Debug|Win32
		{E57AAD75-C5F9-4E0B-90B7-5968A0BE0F6E}.Debug|x86.ActiveCfg = Debug|Win32
		{E57AAD75-C5F9-4E0B-90B7-5968A0BE0F6E}.Debug|x86.Build.0 = Debug|Win32
		{E57AAD75-C5F9-4E0B-90B7-5968A0BE0F6E}.Release|x64.ActiveCfg = Release|Win32
		{E57AAD75-C5F9-4E0B-90B7-5968A0BE0F6E}.Release|x64.Build.0 = Release|Win32
		{E57AAD75-C5F9-4E0B-90B7-5968A0BE0F6E}.Release|x86.ActiveCfg = Release|Win32
		{E57AAD75-C5F9-4E0B-90B7-5968A0BE0F6E}.Release|x86.Build.0 = Release|Win32
		{7034341C-2458-440D-A091-E32A924FD2A8}.Debug|x64.ActiveCfg = Debug|Win32
		{7034341C-2458-440D-A091-E32A924FD2A8}.Debug|x64.Build.0 = Debug|Win32
		{7034341C-2458-440D-A091-E32A924FD2A8}.Debug|x86.ActiveCfg = Debug|Win32
		{7034341C-2458-440D-A091-E32A924FD2A8}.Debug|x86.Build.0 = Debug|Win32
		{7034341C-2458-440D-A091-E32A924FD2A8}.Release|x64.ActiveCfg = Release|Win32
		{7034341C-2458-440D-A091-E32A924FD2A8}.Release|x64.Build.0 = Release|Win32
		{7034341C-2458-440D-A091-E32A924FD2A8}.Release|x86.ActiveCfg = Release|Win32
		{7034341C-2458-440D-A091-E32A924FD2A8}.Release|x86.Build.0 = Release|Win32
		{DD7E82D2-4D55-44C6-AA5D-4C851522BB0C}.Debug|x64.ActiveCfg = Debug|Win32
		{DD7E82D2-4D55-44C6-AA5D-4C851522BB0C}.Debug|x64.Build.0 = Debug|Win32
		{DD7E82D2-4D55-44C6-AA5D-4C851522BB0C}.Debug|x86.ActiveCfg = Debug|Win32
		{DD7E82D2-4D55-44C6-AA5D-4C851522BB0C}.Debug|x86.Build.0 = Debug|Win32
		{DD7E82D2-4D55-44C6-AA5D-4C851522BB0C}.Release|x64.ActiveCfg = Release|Win32
		{DD7E82D2-4D55-44C6-AA5D-4C851522BB0C}.Release|x64.Build.0 = Release|Win32
		{DD7E82D2-4D55-44C6-AA5D-4C851522BB0C}.Release|x86.ActiveCfg = Release|Win32
		{DD7E82D2-4D55-44C6-AA5D-4C851522BB0C}.Release|x86.Build.0 = Release|Win32
		{E66BF359-F7EC-4658-A8E8-2BD0D89EEABB}.Debug|x64.ActiveCfg = Debug|Win32
		{E66BF359-F7EC-4658-A8E8-2BD0D89EEABB}.Debug|x64.Build.0 = Debug|Win32
		{E66BF359-F7EC-4658-A8E8-2BD0D89EEABB}.Debug|x86.ActiveCfg = Debug|Win32
		{E66BF359-F7EC-4658-A8E8-2BD0D89EEABB}.Debug|x86.Build.0 = Debug|Win32
		{E66BF359-F7EC-4658-A8E8-2BD0D89EEABB}.Release|x64.ActiveCfg = Release|Win32
		{E66BF359-F7EC-4658-A8E8-2BD0D89EEABB}.Release|x64.Build.0 = Release|Win32
		{E66BF359-F7EC-4658-A8E8-2BD0D89EEABB}.Release|x86.ActiveCfg = Release|Win32
		{E66BF359-F7EC-4658-A8E8-2BD0D89EEABB}.Release|x86.Build.0 = Release|Win32
		{90752C7E-7D89-4607-A71D-77350803880F}.Debug|x64.ActiveCfg = Debug|Win32
		{90752C7E-7D89-4607-A71D-77350803880F}.Debug|x64.Build.0 = Debug|Win32
		{90752C7E-7D89-4607-A71D-77350803880F}.Debug|x86.ActiveCfg = Debug|Win32
		{90752C7E-7D89-4607-A71D-77350803880F}.Debug|x86.Build.0 = Debug|Win32
		{90752C7E-7D89-4607-A71D-77350803880F}.Release|x64.ActiveCfg = Release|Win32
		{90752C7E-7D89-4607-A71D-77350803880F}.Release|x64.Build.0 = Release|Win32
		{90752C7E-7D89-4607-A71D-77350803880F}.Release|x86.ActiveCfg = Release|Win32
		{90752C7E-7D89-4607-A71D-77350803880F}.Release|x86.Build.0 = Release|Win32
		{EC14C6AF-A976-425E-8E11-5417BA7CDE57}.Debug|x64.ActiveCfg = Debug|Win32
		{EC14C6AF-A976-425E-8E11-5417BA7CDE57}.Debug|x64.Build.0 = Debug|Win32
		{EC14C6AF-A976-425E-8E11-5417BA7CDE57}.Debug|x86.ActiveCfg = Debug|Win32
		{EC14C6AF-A976-425E-8E11-5417BA7CDE57}.Debug|x86.Build.0 = Debug|Win32
		{EC14C6AF-A976-425E-8E11-5417BA7CDE57}.Release|x64.ActiveCfg = Release|Win32
		{EC14C6AF-A976-425E-8E11-5417BA7CDE57}.Release|x64.Build.0 = Release|Win32
		{EC14C6AF-A976-425E-8E11-5417BA7CDE57}.Release|x86.ActiveCfg = Release|Win32
		{EC14C6AF-A976-425E-8E11-5417BA7CDE57}.Release|x86.Build.0 = Release|Win32
		{D63D2EF2-3829-4C8A-A8EC-60E835E2E9E0}.Debug|x64.ActiveCfg = Debug|Win32
		{D63D2EF2-3829-4C8A-A8EC-60E835E2E9E0}.Debug|x64.Build.0 = Debug|Win32
		{D63D2EF2-3829-4C8A-A8EC-60E835E2E9E0}.Debug|x86.ActiveCfg = Debug|Win32
		{D63D2EF2-3829-4C8A-A8EC-60E835E2E9E0}.Debug|x86.Build.0 = Debug|Win32
		{D63D2EF2-3829-4C8A-A8EC-60E835E2E9E0}.Release|x64.ActiveCfg = Release|Win32
		{D63D2EF2-3829-4C8A-A8EC-60E835E2E9E0}.Release|x64.Build.0 = Release|Win32
		{D63D2EF2-3829-4C8A-A8EC-60E835E2E9E0}.Release|x86.ActiveCfg = Release|Win32
		{D63D2EF2-3829-4C8A-A8EC-60E835E2E9E0}.Release|x86.Build.0 = Release|Win32
		{3456EB24-6EF1-4407-A27E-CB5C53FCCF1A}.Debug|x64.ActiveCfg = Debug|Win32
		{3456EB24-6EF1-4407-A27E-CB5C53FCCF1A}.Debug|x64.Build.0 = Debug|Win32
		{3456EB24-6EF1-4407-A27E-CB5C53FCCF1A}.Debug|x86.ActiveCfg = Debug|Win32
		{3456EB24-6EF1-4407-A27E-CB5C53FCCF1A}.Debug|x86.Build.0 = Debug|Win32
		{3456EB24-6EF1-4407-A27E-CB5C53FCCF1A}.Release|x64.ActiveCfg = Release|Win32
		{3456EB24-6EF1-4407-A27E-CB5C53FCCF1A}.Release|x64.Build.0 = Release|Win32
		{3456EB24-6EF1-4407-A27E-CB5C53FCCF1A}.Release|x86.ActiveCfg = Release|Win32
		{3456EB24-6EF1-4407-A27E-CB5C53FCCF1A}.Release|x86.Build.0 = Release|Win32
		{4C1AEAEC-F12A-42A8-962F-9634D1779F26}.Debug|x64.ActiveCfg = Debug|Win32
		{4C1AEAEC-F12A-42A8-962F-9634D1779F26}.Debug|x64.Build.0 = Debug|Win32
		{4C1AEAEC-F12A-42A8-962F-9634D1779F26}.Debug|x86.ActiveCfg = Debug|Win32
		{4C1AEAEC-F12A-42A8-962F-9634D1779F26}.Debug|x86.Build.0 = Debug|Win32
		{4C1AEAEC-F12A-42A8-962F-9634D1779F26}.Release|x64.ActiveCfg = Release|Win32
		{4C1AEAEC-F12A-42A8-962F-9634D1779F26}.Release|x64.Build.0 = Release|Win32
		{4C1AEAEC-F12A-42A8-962F-9634D1779F26}.Release|x86.ActiveCfg = Release|Win32
		{4C1AEAEC-F12A-42A8-962F-9634D1779F26}.Release|x86.Build.0 = Release|Win32
	EndGlobalSection
	GlobalSection(SolutionProperties) = preSolution
		HideSolutionNode = FALSE
	EndGlobalSection
	GlobalSection(ExtensibilityGlobals) = postSolution
		SolutionGuid = {D053A39A-6D2B-4FD6-B40B-01E054902534}
	EndGlobalSection
EndGlobal
