
Microsoft Visual Studio Solution File, Format Version 12.00
# Visual Studio Version 17
VisualStudioVersion = 17.10.35122.118
MinimumVisualStudioVersion = 10.0.40219.1
Project("{8BC9CEB8-8B4A-11D0-8D11-00A0C91BC942}") = "01. 类基础", "01. 类基础.vcxproj", "{F6C08A35-1570-4965-B77E-872E9D779D12}"
EndProject
Project("{8BC9CEB8-8B4A-11D0-8D11-00A0C91BC942}") = "02.类成员进阶", "..\01.类成员进阶\01.类成员进阶.vcxproj", "{69B3D369-6590-4015-B947-27CA2C5AEF6D}"
EndProject
Project("{8BC9CEB8-8B4A-11D0-8D11-00A0C91BC942}") = "03.类之间的横向关系", "..\03.类之间的横向关系\03.类之间的横向关系.vcxproj", "{E5CED266-6C49-4919-A968-DCF9DAA797A7}"
EndProject
Project("{8BC9CEB8-8B4A-11D0-8D11-00A0C91BC942}") = "09.飞机大战", "..\09.飞机大战\09.飞机大战.vcxproj", "{EB0390C2-7A4E-44DE-A463-0E4D16F2C298}"
EndProject
Project("{8BC9CEB8-8B4A-11D0-8D11-00A0C91BC942}") = "04.多态", "..\04.多态\四.多态.vcxproj", "{2CC2BFC9-CC8C-4DD4-9378-FCCF075C70F1}"
EndProject
Project("{8BC9CEB8-8B4A-11D0-8D11-00A0C91BC942}") = "05,探索程序", "..\05,探索程序\五,探索程序.vcxproj", "{913A58B7-9A24-45CF-A169-667E2AF680ED}"
EndProject
Project("{8BC9CEB8-8B4A-11D0-8D11-00A0C91BC942}") = "06,头文件重复包含", "..\06,头文件重复包含\六,头文件重复包含.vcxproj", "{19C9DBAC-3336-4648-A494-E0D111630ED4}"
EndProject
Project("{8BC9CEB8-8B4A-11D0-8D11-00A0C91BC942}") = "07.头文件相互包含", "..\07.头文件相互包含\七.头文件相互包含.vcxproj", "{2390583C-D8C9-46DA-B0D7-C1C4A71A8F72}"
EndProject
Project("{8BC9CEB8-8B4A-11D0-8D11-00A0C91BC942}") = "08.编译器-运行期", "..\08.编译器-运行期\八.编译器-运行期.vcxproj", "{75F9807B-BB8A-4AA7-8638-61190A8D9AF8}"
EndProject
Project("{8BC9CEB8-8B4A-11D0-8D11-00A0C91BC942}") = "10.设计模式", "..\10.设计模式\10.设计模式.vcxproj", "{477BE9B2-8F46-48F9-B3BF-FC94C489C85A}"
EndProject
Project("{8BC9CEB8-8B4A-11D0-8D11-00A0C91BC942}") = "11.STL", "..\11.STL\11.STL.vcxproj", "{CE6B1E91-0609-4C92-90AD-38C1B1052AF8}"
EndProject
Global
	GlobalSection(SolutionConfigurationPlatforms) = preSolution
		Debug|x64 = Debug|x64
		Debug|x86 = Debug|x86
		Release|x64 = Release|x64
		Release|x86 = Release|x86
	EndGlobalSection
	GlobalSection(ProjectConfigurationPlatforms) = postSolution
		{F6C08A35-1570-4965-B77E-872E9D779D12}.Debug|x64.ActiveCfg = Debug|x64
		{F6C08A35-1570-4965-B77E-872E9D779D12}.Debug|x64.Build.0 = Debug|x64
		{F6C08A35-1570-4965-B77E-872E9D779D12}.Debug|x86.ActiveCfg = Debug|Win32
		{F6C08A35-1570-4965-B77E-872E9D779D12}.Debug|x86.Build.0 = Debug|Win32
		{F6C08A35-1570-4965-B77E-872E9D779D12}.Release|x64.ActiveCfg = Release|x64
		{F6C08A35-1570-4965-B77E-872E9D779D12}.Release|x64.Build.0 = Release|x64
		{F6C08A35-1570-4965-B77E-872E9D779D12}.Release|x86.ActiveCfg = Release|Win32
		{F6C08A35-1570-4965-B77E-872E9D779D12}.Release|x86.Build.0 = Release|Win32
		{69B3D369-6590-4015-B947-27CA2C5AEF6D}.Debug|x64.ActiveCfg = Debug|x64
		{69B3D369-6590-4015-B947-27CA2C5AEF6D}.Debug|x64.Build.0 = Debug|x64
		{69B3D369-6590-4015-B947-27CA2C5AEF6D}.Debug|x86.ActiveCfg = Debug|Win32
		{69B3D369-6590-4015-B947-27CA2C5AEF6D}.Debug|x86.Build.0 = Debug|Win32
		{69B3D369-6590-4015-B947-27CA2C5AEF6D}.Release|x64.ActiveCfg = Release|x64
		{69B3D369-6590-4015-B947-27CA2C5AEF6D}.Release|x64.Build.0 = Release|x64
		{69B3D369-6590-4015-B947-27CA2C5AEF6D}.Release|x86.ActiveCfg = Release|Win32
		{69B3D369-6590-4015-B947-27CA2C5AEF6D}.Release|x86.Build.0 = Release|Win32
		{E5CED266-6C49-4919-A968-DCF9DAA797A7}.Debug|x64.ActiveCfg = Debug|x64
		{E5CED266-6C49-4919-A968-DCF9DAA797A7}.Debug|x64.Build.0 = Debug|x64
		{E5CED266-6C49-4919-A968-DCF9DAA797A7}.Debug|x86.ActiveCfg = Debug|Win32
		{E5CED266-6C49-4919-A968-DCF9DAA797A7}.Debug|x86.Build.0 = Debug|Win32
		{E5CED266-6C49-4919-A968-DCF9DAA797A7}.Release|x64.ActiveCfg = Release|x64
		{E5CED266-6C49-4919-A968-DCF9DAA797A7}.Release|x64.Build.0 = Release|x64
		{E5CED266-6C49-4919-A968-DCF9DAA797A7}.Release|x86.ActiveCfg = Release|Win32
		{E5CED266-6C49-4919-A968-DCF9DAA797A7}.Release|x86.Build.0 = Release|Win32
		{EB0390C2-7A4E-44DE-A463-0E4D16F2C298}.Debug|x64.ActiveCfg = Debug|x64
		{EB0390C2-7A4E-44DE-A463-0E4D16F2C298}.Debug|x64.Build.0 = Debug|x64
		{EB0390C2-7A4E-44DE-A463-0E4D16F2C298}.Debug|x86.ActiveCfg = Debug|Win32
		{EB0390C2-7A4E-44DE-A463-0E4D16F2C298}.Debug|x86.Build.0 = Debug|Win32
		{EB0390C2-7A4E-44DE-A463-0E4D16F2C298}.Release|x64.ActiveCfg = Release|x64
		{EB0390C2-7A4E-44DE-A463-0E4D16F2C298}.Release|x64.Build.0 = Release|x64
		{EB0390C2-7A4E-44DE-A463-0E4D16F2C298}.Release|x86.ActiveCfg = Release|Win32
		{EB0390C2-7A4E-44DE-A463-0E4D16F2C298}.Release|x86.Build.0 = Release|Win32
		{2CC2BFC9-CC8C-4DD4-9378-FCCF075C70F1}.Debug|x64.ActiveCfg = Debug|x64
		{2CC2BFC9-CC8C-4DD4-9378-FCCF075C70F1}.Debug|x64.Build.0 = Debug|x64
		{2CC2BFC9-CC8C-4DD4-9378-FCCF075C70F1}.Debug|x86.ActiveCfg = Debug|Win32
		{2CC2BFC9-CC8C-4DD4-9378-FCCF075C70F1}.Debug|x86.Build.0 = Debug|Win32
		{2CC2BFC9-CC8C-4DD4-9378-FCCF075C70F1}.Release|x64.ActiveCfg = Release|x64
		{2CC2BFC9-CC8C-4DD4-9378-FCCF075C70F1}.Release|x64.Build.0 = Release|x64
		{2CC2BFC9-CC8C-4DD4-9378-FCCF075C70F1}.Release|x86.ActiveCfg = Release|Win32
		{2CC2BFC9-CC8C-4DD4-9378-FCCF075C70F1}.Release|x86.Build.0 = Release|Win32
		{913A58B7-9A24-45CF-A169-667E2AF680ED}.Debug|x64.ActiveCfg = Debug|x64
		{913A58B7-9A24-45CF-A169-667E2AF680ED}.Debug|x64.Build.0 = Debug|x64
		{913A58B7-9A24-45CF-A169-667E2AF680ED}.Debug|x86.ActiveCfg = Debug|Win32
		{913A58B7-9A24-45CF-A169-667E2AF680ED}.Debug|x86.Build.0 = Debug|Win32
		{913A58B7-9A24-45CF-A169-667E2AF680ED}.Release|x64.ActiveCfg = Release|x64
		{913A58B7-9A24-45CF-A169-667E2AF680ED}.Release|x64.Build.0 = Release|x64
		{913A58B7-9A24-45CF-A169-667E2AF680ED}.Release|x86.ActiveCfg = Release|Win32
		{913A58B7-9A24-45CF-A169-667E2AF680ED}.Release|x86.Build.0 = Release|Win32
		{19C9DBAC-3336-4648-A494-E0D111630ED4}.Debug|x64.ActiveCfg = Debug|x64
		{19C9DBAC-3336-4648-A494-E0D111630ED4}.Debug|x64.Build.0 = Debug|x64
		{19C9DBAC-3336-4648-A494-E0D111630ED4}.Debug|x86.ActiveCfg = Debug|Win32
		{19C9DBAC-3336-4648-A494-E0D111630ED4}.Debug|x86.Build.0 = Debug|Win32
		{19C9DBAC-3336-4648-A494-E0D111630ED4}.Release|x64.ActiveCfg = Release|x64
		{19C9DBAC-3336-4648-A494-E0D111630ED4}.Release|x64.Build.0 = Release|x64
		{19C9DBAC-3336-4648-A494-E0D111630ED4}.Release|x86.ActiveCfg = Release|Win32
		{19C9DBAC-3336-4648-A494-E0D111630ED4}.Release|x86.Build.0 = Release|Win32
		{2390583C-D8C9-46DA-B0D7-C1C4A71A8F72}.Debug|x64.ActiveCfg = Debug|x64
		{2390583C-D8C9-46DA-B0D7-C1C4A71A8F72}.Debug|x64.Build.0 = Debug|x64
		{2390583C-D8C9-46DA-B0D7-C1C4A71A8F72}.Debug|x86.ActiveCfg = Debug|Win32
		{2390583C-D8C9-46DA-B0D7-C1C4A71A8F72}.Debug|x86.Build.0 = Debug|Win32
		{2390583C-D8C9-46DA-B0D7-C1C4A71A8F72}.Release|x64.ActiveCfg = Release|x64
		{2390583C-D8C9-46DA-B0D7-C1C4A71A8F72}.Release|x64.Build.0 = Release|x64
		{2390583C-D8C9-46DA-B0D7-C1C4A71A8F72}.Release|x86.ActiveCfg = Release|Win32
		{2390583C-D8C9-46DA-B0D7-C1C4A71A8F72}.Release|x86.Build.0 = Release|Win32
		{75F9807B-BB8A-4AA7-8638-61190A8D9AF8}.Debug|x64.ActiveCfg = Debug|x64
		{75F9807B-BB8A-4AA7-8638-61190A8D9AF8}.Debug|x64.Build.0 = Debug|x64
		{75F9807B-BB8A-4AA7-8638-61190A8D9AF8}.Debug|x86.ActiveCfg = Debug|Win32
		{75F9807B-BB8A-4AA7-8638-61190A8D9AF8}.Debug|x86.Build.0 = Debug|Win32
		{75F9807B-BB8A-4AA7-8638-61190A8D9AF8}.Release|x64.ActiveCfg = Release|x64
		{75F9807B-BB8A-4AA7-8638-61190A8D9AF8}.Release|x64.Build.0 = Release|x64
		{75F9807B-BB8A-4AA7-8638-61190A8D9AF8}.Release|x86.ActiveCfg = Release|Win32
		{75F9807B-BB8A-4AA7-8638-61190A8D9AF8}.Release|x86.Build.0 = Release|Win32
		{477BE9B2-8F46-48F9-B3BF-FC94C489C85A}.Debug|x64.ActiveCfg = Debug|x64
		{477BE9B2-8F46-48F9-B3BF-FC94C489C85A}.Debug|x64.Build.0 = Debug|x64
		{477BE9B2-8F46-48F9-B3BF-FC94C489C85A}.Debug|x86.ActiveCfg = Debug|Win32
		{477BE9B2-8F46-48F9-B3BF-FC94C489C85A}.Debug|x86.Build.0 = Debug|Win32
		{477BE9B2-8F46-48F9-B3BF-FC94C489C85A}.Release|x64.ActiveCfg = Release|x64
		{477BE9B2-8F46-48F9-B3BF-FC94C489C85A}.Release|x64.Build.0 = Release|x64
		{477BE9B2-8F46-48F9-B3BF-FC94C489C85A}.Release|x86.ActiveCfg = Release|Win32
		{477BE9B2-8F46-48F9-B3BF-FC94C489C85A}.Release|x86.Build.0 = Release|Win32
		{CE6B1E91-0609-4C92-90AD-38C1B1052AF8}.Debug|x64.ActiveCfg = Debug|x64
		{CE6B1E91-0609-4C92-90AD-38C1B1052AF8}.Debug|x64.Build.0 = Debug|x64
		{CE6B1E91-0609-4C92-90AD-38C1B1052AF8}.Debug|x86.ActiveCfg = Debug|Win32
		{CE6B1E91-0609-4C92-90AD-38C1B1052AF8}.Debug|x86.Build.0 = Debug|Win32
		{CE6B1E91-0609-4C92-90AD-38C1B1052AF8}.Release|x64.ActiveCfg = Release|x64
		{CE6B1E91-0609-4C92-90AD-38C1B1052AF8}.Release|x64.Build.0 = Release|x64
		{CE6B1E91-0609-4C92-90AD-38C1B1052AF8}.Release|x86.ActiveCfg = Release|Win32
		{CE6B1E91-0609-4C92-90AD-38C1B1052AF8}.Release|x86.Build.0 = Release|Win32
	EndGlobalSection
	GlobalSection(SolutionProperties) = preSolution
		HideSolutionNode = FALSE
	EndGlobalSection
	GlobalSection(ExtensibilityGlobals) = postSolution
		SolutionGuid = {648499FB-B0EB-4F05-8349-30DDE62580DB}
	EndGlobalSection
EndGlobal
